
Microsoft Visual Studio Solution File, Format Version 12.00
# Visual Studio Version 17
VisualStudioVersion = 17.0.32112.339
MinimumVisualStudioVersion = 10.0.40219.1
Project("{FAE04EC0-301F-11D3-BF4B-00C04F79EFBC}") = "Wbiblioteca", "Wbiblioteca.csproj", "{218AE8BE-A1A1-447B-8559-D78FCD637E0D}"
EndProject
Global
	GlobalSection(SolutionConfigurationPlatforms) = preSolution
		Debug|Any CPU = Debug|Any CPU
		Release|Any CPU = Release|Any CPU
	EndGlobalSection
	GlobalSection(ProjectConfigurationPlatforms) = postSolution
		{218AE8BE-A1A1-447B-8559-D78FCD637E0D}.Debug|Any CPU.ActiveCfg = Debug|Any CPU
		{218AE8BE-A1A1-447B-8559-D78FCD637E0D}.Debug|Any CPU.Build.0 = Debug|Any CPU
		{218AE8BE-A1A1-447B-8559-D78FCD637E0D}.Release|Any CPU.ActiveCfg = Release|Any CPU
		{218AE8BE-A1A1-447B-8559-D78FCD637E0D}.Release|Any CPU.Build.0 = Release|Any CPU
	EndGlobalSection
	GlobalSection(SolutionProperties) = preSolution
		HideSolutionNode = FALSE
	EndGlobalSection
	GlobalSection(ExtensibilityGlobals) = postSolution
		SolutionGuid = {30C611B9-9885-4995-8940-92058E3FA8FD}
	EndGlobalSection
EndGlobal
